
Microsoft Visual Studio Solution File, Format Version 12.00
# Visual Studio 2012
Project("{2150E333-8FDC-42A3-9474-1A3956D46DE8}") = "0 - Meta", "0 - Meta", "{1FE70775-2CC4-4D94-AFF4-244308447029}"
	ProjectSection(SolutionItems) = preProject
		LICENSE.txt = LICENSE.txt
		README.md = README.md
	EndProjectSection
EndProject
Project("{2150E333-8FDC-42A3-9474-1A3956D46DE8}") = "1 - Resources", "1 - Resources", "{9C480CE2-F8F5-4100-87A2-B16A0C9C9BA2}"
EndProject
Project("{2150E333-8FDC-42A3-9474-1A3956D46DE8}") = "2 - Sources", "2 - Sources", "{CFAAC090-7F58-48F5-A69F-442731F3B032}"
EndProject
Project("{2150E333-8FDC-42A3-9474-1A3956D46DE8}") = "3 - Tests", "3 - Tests", "{22CC4521-5D20-4F22-AEE4-F0DDF30432A1}"
EndProject
Project("{2150E333-8FDC-42A3-9474-1A3956D46DE8}") = "GitHub", "GitHub", "{19964367-1516-481D-A7C2-E57372A48AD2}"
	ProjectSection(SolutionItems) = preProject
		CONTRIBUTING.md = CONTRIBUTING.md
		.github\ISSUE_TEMPLATE.md = .github\ISSUE_TEMPLATE.md
		.github\PULL_REQUEST_TEMPLATE.md = .github\PULL_REQUEST_TEMPLATE.md
	EndProjectSection
EndProject
Project("{2150E333-8FDC-42A3-9474-1A3956D46DE8}") = "Heroku", "Heroku", "{70AC85A8-0893-4CFC-B243-109AB4887061}"
	ProjectSection(SolutionItems) = preProject
		Procfile = Procfile
	EndProjectSection
EndProject
Project("{2150E333-8FDC-42A3-9474-1A3956D46DE8}") = "Travis + Appveyor", "Travis + Appveyor", "{4C16CC2F-FFA1-407B-B4EE-A357944ED858}"
	ProjectSection(SolutionItems) = preProject
		.appveyor.yml = .appveyor.yml
		.travis.yml = .travis.yml
	EndProjectSection
EndProject
Project("{2150E333-8FDC-42A3-9474-1A3956D46DE8}") = "Vagrant", "Vagrant", "{2E85D40C-01B1-4064-8CD0-1665B9D7FDF5}"
	ProjectSection(SolutionItems) = preProject
		Vagrantfile = Vagrantfile
	EndProjectSection
EndProject
Project("{2150E333-8FDC-42A3-9474-1A3956D46DE8}") = "Scripts", "Scripts", "{A185B5E3-9429-42FE-B136-BC8CBF57A874}"
	ProjectSection(SolutionItems) = preProject
		tools\vagrant\postgresql.sh = tools\vagrant\postgresql.sh
	EndProjectSection
EndProject
Project("{FAE04EC0-301F-11D3-BF4B-00C04F79EFBC}") = "Sslakka", "src\Sslakka\Sslakka.csproj", "{D5BFA0FF-47AC-4142-B683-C965ED7B84BD}"
EndProject
Project("{FAE04EC0-301F-11D3-BF4B-00C04F79EFBC}") = "Sslakka.Tests", "test\Sslakka.Tests\Sslakka.Tests.csproj", "{1E7E9DC4-E183-4BD5-9680-46612C198CDC}"
EndProject
Global
	GlobalSection(SolutionConfigurationPlatforms) = preSolution
		Debug|Any CPU = Debug|Any CPU
		Release|Any CPU = Release|Any CPU
	EndGlobalSection
	GlobalSection(ProjectConfigurationPlatforms) = postSolution
		{4C16CC2F-FFA1-407B-B4EE-A357944ED858}.Debug|Any CPU.ActiveCfg = Debug|Any CPU
		{4C16CC2F-FFA1-407B-B4EE-A357944ED858}.Debug|Any CPU.Build.0 = Debug|Any CPU
		{4C16CC2F-FFA1-407B-B4EE-A357944ED858}.Release|Any CPU.ActiveCfg = Release|Any CPU
		{4C16CC2F-FFA1-407B-B4EE-A357944ED858}.Release|Any CPU.Build.0 = Release|Any CPU
		{D5BFA0FF-47AC-4142-B683-C965ED7B84BD}.Debug|Any CPU.ActiveCfg = Debug|Any CPU
		{D5BFA0FF-47AC-4142-B683-C965ED7B84BD}.Debug|Any CPU.Build.0 = Debug|Any CPU
		{D5BFA0FF-47AC-4142-B683-C965ED7B84BD}.Release|Any CPU.ActiveCfg = Release|Any CPU
		{D5BFA0FF-47AC-4142-B683-C965ED7B84BD}.Release|Any CPU.Build.0 = Release|Any CPU
		{1E7E9DC4-E183-4BD5-9680-46612C198CDC}.Debug|Any CPU.ActiveCfg = Debug|Any CPU
		{1E7E9DC4-E183-4BD5-9680-46612C198CDC}.Debug|Any CPU.Build.0 = Debug|Any CPU
		{1E7E9DC4-E183-4BD5-9680-46612C198CDC}.Release|Any CPU.ActiveCfg = Release|Any CPU
		{1E7E9DC4-E183-4BD5-9680-46612C198CDC}.Release|Any CPU.Build.0 = Release|Any CPU
	EndGlobalSection
	GlobalSection(NestedProjects) = preSolution
		{19964367-1516-481D-A7C2-E57372A48AD2} = {1FE70775-2CC4-4D94-AFF4-244308447029}
		{A185B5E3-9429-42FE-B136-BC8CBF57A874} = {2E85D40C-01B1-4064-8CD0-1665B9D7FDF5}
		{4C16CC2F-FFA1-407B-B4EE-A357944ED858} = {1FE70775-2CC4-4D94-AFF4-244308447029}
		{2E85D40C-01B1-4064-8CD0-1665B9D7FDF5} = {1FE70775-2CC4-4D94-AFF4-244308447029}
		{D5BFA0FF-47AC-4142-B683-C965ED7B84BD} = {CFAAC090-7F58-48F5-A69F-442731F3B032}
		{1E7E9DC4-E183-4BD5-9680-46612C198CDC} = {22CC4521-5D20-4F22-AEE4-F0DDF30432A1}
		{70AC85A8-0893-4CFC-B243-109AB4887061} = {1FE70775-2CC4-4D94-AFF4-244308447029}
	EndGlobalSection
EndGlobal
